
Microsoft Visual Studio Solution File, Format Version 12.00
# Visual Studio Version 17
VisualStudioVersion = 17.4.33213.308
MinimumVisualStudioVersion = 10.0.40219.1
Project("{9A19103F-16F7-4668-BE54-9A1E7A4F7556}") = "Test_Web_App", "Test_Web_App.csproj", "{68E635B1-7270-4C0A-B8BA-94D45A636475}"
EndProject
Global
	GlobalSection(SolutionConfigurationPlatforms) = preSolution
		Debug|Any CPU = Debug|Any CPU
		Release|Any CPU = Release|Any CPU
	EndGlobalSection
	GlobalSection(ProjectConfigurationPlatforms) = postSolution
		{68E635B1-7270-4C0A-B8BA-94D45A636475}.Debug|Any CPU.ActiveCfg = Debug|Any CPU
		{68E635B1-7270-4C0A-B8BA-94D45A636475}.Debug|Any CPU.Build.0 = Debug|Any CPU
		{68E635B1-7270-4C0A-B8BA-94D45A636475}.Release|Any CPU.ActiveCfg = Release|Any CPU
		{68E635B1-7270-4C0A-B8BA-94D45A636475}.Release|Any CPU.Build.0 = Release|Any CPU
	EndGlobalSection
	GlobalSection(SolutionProperties) = preSolution
		HideSolutionNode = FALSE
	EndGlobalSection
	GlobalSection(ExtensibilityGlobals) = postSolution
		SolutionGuid = {B0D21E7E-8165-4730-9B4F-1FFADD0884C6}
	EndGlobalSection
EndGlobal
